
Microsoft Visual Studio Solution File, Format Version 12.00
# Visual Studio Version 17
VisualStudioVersion = 17.1.32328.378
MinimumVisualStudioVersion = 10.0.40219.1
Project("{FAE04EC0-301F-11D3-BF4B-00C04F79EFBC}") = "Stack Ve Head Kavramı", "Stack Ve Head Kavramı\Stack Ve Head Kavramı.csproj", "{9AAC1FB4-00E9-4701-A45D-A7973D9C987F}"
EndProject
Global
	GlobalSection(SolutionConfigurationPlatforms) = preSolution
		Debug|Any CPU = Debug|Any CPU
		Release|Any CPU = Release|Any CPU
	EndGlobalSection
	GlobalSection(ProjectConfigurationPlatforms) = postSolution
		{9AAC1FB4-00E9-4701-A45D-A7973D9C987F}.Debug|Any CPU.ActiveCfg = Debug|Any CPU
		{9AAC1FB4-00E9-4701-A45D-A7973D9C987F}.Debug|Any CPU.Build.0 = Debug|Any CPU
		{9AAC1FB4-00E9-4701-A45D-A7973D9C987F}.Release|Any CPU.ActiveCfg = Release|Any CPU
		{9AAC1FB4-00E9-4701-A45D-A7973D9C987F}.Release|Any CPU.Build.0 = Release|Any CPU
	EndGlobalSection
	GlobalSection(SolutionProperties) = preSolution
		HideSolutionNode = FALSE
	EndGlobalSection
	GlobalSection(ExtensibilityGlobals) = postSolution
		SolutionGuid = {F2E336E3-E556-4A64-8372-4E4F17B920A0}
	EndGlobalSection
EndGlobal
